{
  "name": "glbrush.js",
  "version": "0.2.0",
  "lockfileVersion": 1,
  "requires": true,
  "dependencies": {
    "google-closure-compiler-java": {
      "version": "20190513.0.0",
      "resolved": "https://registry.npmjs.org/google-closure-compiler-java/-/google-closure-compiler-java-20190513.0.0.tgz",
      "integrity": "sha512-0dFZwAREck9W780tVW4AW1c4ztrigLXGJ+dLCXFCwVJZS0pmhmZx3YEByl/aFSU9etIjLwYkYo73xjPyZ/AbtA==",
      "dev": true
    },
    "jasmine-core": {
      "version": "3.4.0",
      "resolved": "https://registry.npmjs.org/jasmine-core/-/jasmine-core-3.4.0.tgz",
      "integrity": "sha512-HU/YxV4i6GcmiH4duATwAbJQMlE0MsDIR5XmSVxURxKHn3aGAdbY1/ZJFmVRbKtnLwIxxMJD7gYaPsypcbYimg==",
      "dev": true
    }
  }
}
