{
  "name": "glbrush.js",
  "version": "0.1.0",
  "lockfileVersion": 1,
  "requires": true,
  "dependencies": {
    "google-closure-compiler-java": {
      "version": "20190513.0.0",
      "resolved": "https://registry.npmjs.org/google-closure-compiler-java/-/google-closure-compiler-java-20190513.0.0.tgz",
      "integrity": "sha512-0dFZwAREck9W780tVW4AW1c4ztrigLXGJ+dLCXFCwVJZS0pmhmZx3YEByl/aFSU9etIjLwYkYo73xjPyZ/AbtA==",
      "dev": true
    }
  }
}
